
Microsoft Visual Studio Solution File, Format Version 12.00
# Visual Studio Version 17
VisualStudioVersion = 17.10.35013.160
MinimumVisualStudioVersion = 10.0.40219.1
Project("{FAE04EC0-301F-11D3-BF4B-00C04F79EFBC}") = "HX_Sample_App", "HX_Sample_App.csproj", "{871FFFB7-FF12-4CE5-92A5-654F2640B680}"
EndProject
Global
	GlobalSection(SolutionConfigurationPlatforms) = preSolution
		Debug|Any CPU = Debug|Any CPU
		Release|Any CPU = Release|Any CPU
	EndGlobalSection
	GlobalSection(ProjectConfigurationPlatforms) = postSolution
		{871FFFB7-FF12-4CE5-92A5-654F2640B680}.Debug|Any CPU.ActiveCfg = Debug|Any CPU
		{871FFFB7-FF12-4CE5-92A5-654F2640B680}.Debug|Any CPU.Build.0 = Debug|Any CPU
		{871FFFB7-FF12-4CE5-92A5-654F2640B680}.Release|Any CPU.ActiveCfg = Release|Any CPU
		{871FFFB7-FF12-4CE5-92A5-654F2640B680}.Release|Any CPU.Build.0 = Release|Any CPU
	EndGlobalSection
	GlobalSection(SolutionProperties) = preSolution
		HideSolutionNode = FALSE
	EndGlobalSection
	GlobalSection(ExtensibilityGlobals) = postSolution
		SolutionGuid = {7A6578EB-6DBB-48DD-AC51-2B3AC5748A61}
	EndGlobalSection
EndGlobal
